
Microsoft Visual Studio Solution File, Format Version 12.00
# Visual Studio Version 17
VisualStudioVersion = 17.0.31919.166
MinimumVisualStudioVersion = 10.0.40219.1
Project("{FAE04EC0-301F-11D3-BF4B-00C04F79EFBC}") = "ProjectPasal", "ProjectPasal\ProjectPasal.csproj", "{7E6EC228-A0BC-4699-BD18-C1ED4D89C521}"
EndProject
Global
	GlobalSection(SolutionConfigurationPlatforms) = preSolution
		Debug|Any CPU = Debug|Any CPU
		Release|Any CPU = Release|Any CPU
	EndGlobalSection
	GlobalSection(ProjectConfigurationPlatforms) = postSolution
		{7E6EC228-A0BC-4699-BD18-C1ED4D89C521}.Debug|Any CPU.ActiveCfg = Debug|Any CPU
		{7E6EC228-A0BC-4699-BD18-C1ED4D89C521}.Debug|Any CPU.Build.0 = Debug|Any CPU
		{7E6EC228-A0BC-4699-BD18-C1ED4D89C521}.Release|Any CPU.ActiveCfg = Release|Any CPU
		{7E6EC228-A0BC-4699-BD18-C1ED4D89C521}.Release|Any CPU.Build.0 = Release|Any CPU
	EndGlobalSection
	GlobalSection(SolutionProperties) = preSolution
		HideSolutionNode = FALSE
	EndGlobalSection
	GlobalSection(ExtensibilityGlobals) = postSolution
		SolutionGuid = {A522A180-C6FA-4E06-AAD6-A6415C69D9D4}
	EndGlobalSection
EndGlobal
